{"is_source_file": false, "format": "", "description": "", "external_files": [], "external_methods": [], "published": [], "classes": [], "methods": [], "calls": [], "search-terms": [], "state": 2, "file_id": 29, "knowledge_revision": 98, "git_revision": "13552da0a1df16e57bbe4744701aa8638b77f8ac", "hash": "e9b4c3b42cef0193b7fddb548d37e652", "format-version": 4, "code-base-name": "default", "filename": "cityfix_hub/post_process_status.lock", "revision_history": [{"98": "13552da0a1df16e57bbe4744701aa8638b77f8ac"}]}